
Microsoft Visual Studio Solution File, Format Version 12.00
# Visual Studio Version 16
VisualStudioVersion = 16.0.31702.278
MinimumVisualStudioVersion = 10.0.40219.1
Project("{FAE04EC0-301F-11D3-BF4B-00C04F79EFBC}") = "Escritura-Byte", "Escritura-Byte\Escritura-Byte.csproj", "{96420FFB-7778-4613-9599-63A4DF8463E3}"
EndProject
Global
	GlobalSection(SolutionConfigurationPlatforms) = preSolution
		Debug|Any CPU = Debug|Any CPU
		Release|Any CPU = Release|Any CPU
	EndGlobalSection
	GlobalSection(ProjectConfigurationPlatforms) = postSolution
		{96420FFB-7778-4613-9599-63A4DF8463E3}.Debug|Any CPU.ActiveCfg = Debug|Any CPU
		{96420FFB-7778-4613-9599-63A4DF8463E3}.Debug|Any CPU.Build.0 = Debug|Any CPU
		{96420FFB-7778-4613-9599-63A4DF8463E3}.Release|Any CPU.ActiveCfg = Release|Any CPU
		{96420FFB-7778-4613-9599-63A4DF8463E3}.Release|Any CPU.Build.0 = Release|Any CPU
	EndGlobalSection
	GlobalSection(SolutionProperties) = preSolution
		HideSolutionNode = FALSE
	EndGlobalSection
	GlobalSection(ExtensibilityGlobals) = postSolution
		SolutionGuid = {E0ECC6A2-2385-4FC5-996C-B25D4E9DEF33}
	EndGlobalSection
EndGlobal
